
Microsoft Visual Studio Solution File, Format Version 12.00
# Visual Studio 15
VisualStudioVersion = 15.0.27130.2036
MinimumVisualStudioVersion = 10.0.40219.1
Project("{FAE04EC0-301F-11D3-BF4B-00C04F79EFBC}") = "COMP.5212-Assessment-Part-A", "COMP.5212-Assessment-Part-A\COMP.5212-Assessment-Part-A.csproj", "{FCB57695-AC06-475A-BB0E-6CA97EFDF069}"
EndProject
Project("{FAE04EC0-301F-11D3-BF4B-00C04F79EFBC}") = "Question1", "ConsoleApp1\Question1.csproj", "{B04E0477-136F-4C91-A31D-0088BDD2C64A}"
EndProject
Project("{FAE04EC0-301F-11D3-BF4B-00C04F79EFBC}") = "Question3", "Question3\Question3.csproj", "{13EBD857-1229-496C-B47D-73A481183A7F}"
EndProject
Global
	GlobalSection(SolutionConfigurationPlatforms) = preSolution
		Debug|Any CPU = Debug|Any CPU
		Release|Any CPU = Release|Any CPU
	EndGlobalSection
	GlobalSection(ProjectConfigurationPlatforms) = postSolution
		{FCB57695-AC06-475A-BB0E-6CA97EFDF069}.Debug|Any CPU.ActiveCfg = Debug|Any CPU
		{FCB57695-AC06-475A-BB0E-6CA97EFDF069}.Debug|Any CPU.Build.0 = Debug|Any CPU
		{FCB57695-AC06-475A-BB0E-6CA97EFDF069}.Release|Any CPU.ActiveCfg = Release|Any CPU
		{FCB57695-AC06-475A-BB0E-6CA97EFDF069}.Release|Any CPU.Build.0 = Release|Any CPU
		{B04E0477-136F-4C91-A31D-0088BDD2C64A}.Debug|Any CPU.ActiveCfg = Debug|Any CPU
		{B04E0477-136F-4C91-A31D-0088BDD2C64A}.Debug|Any CPU.Build.0 = Debug|Any CPU
		{B04E0477-136F-4C91-A31D-0088BDD2C64A}.Release|Any CPU.ActiveCfg = Release|Any CPU
		{B04E0477-136F-4C91-A31D-0088BDD2C64A}.Release|Any CPU.Build.0 = Release|Any CPU
		{13EBD857-1229-496C-B47D-73A481183A7F}.Debug|Any CPU.ActiveCfg = Debug|Any CPU
		{13EBD857-1229-496C-B47D-73A481183A7F}.Debug|Any CPU.Build.0 = Debug|Any CPU
		{13EBD857-1229-496C-B47D-73A481183A7F}.Release|Any CPU.ActiveCfg = Release|Any CPU
		{13EBD857-1229-496C-B47D-73A481183A7F}.Release|Any CPU.Build.0 = Release|Any CPU
	EndGlobalSection
	GlobalSection(SolutionProperties) = preSolution
		HideSolutionNode = FALSE
	EndGlobalSection
	GlobalSection(ExtensibilityGlobals) = postSolution
		SolutionGuid = {1421C314-85DF-4D3B-BA68-E6EA13EF1DA9}
	EndGlobalSection
EndGlobal
